// !$*UTF8*$!
{
	archiveVersion = 1;
	classes = {
	};
	objectVersion = 77;
	objects = {

/* Begin PBXBuildFile section */
		AF00000000000000000000B1 /* AgentforceSDK in Frameworks */ = {isa = PBXBuildFile; productRef = AF00000000000000000000A1 /* AgentforceSDK */; };
		AF00000000000000000000B2 /* AgentforceVoice in Frameworks */ = {isa = PBXBuildFile; productRef = AF00000000000000000000A2 /* AgentforceVoice */; };
/* End PBXBuildFile section */

/* Begin PBXContainerItemProxy section */
		8930B9442EB9640D0091E4CD /* PBXContainerItemProxy */ = {
			isa = PBXContainerItemProxy;
			containerPortal = 8930B92E2EB9640C0091E4CD /* Project object */;
			proxyType = 1;
			remoteGlobalIDString = 8930B9352EB9640C0091E4CD;
			remoteInfo = KikosMatchaShop;
		};
		8930B94E2EB9640D0091E4CD /* PBXContainerItemProxy */ = {
			isa = PBXContainerItemProxy;
			containerPortal = 8930B92E2EB9640C0091E4CD /* Project object */;
			proxyType = 1;
			remoteGlobalIDString = 8930B9352EB9640C0091E4CD;
			remoteInfo = KikosMatchaShop;
		};
/* End PBXContainerItemProxy section */

/* Begin PBXFileReference section */
		8930B9362EB9640C0091E4CD /* KikosMatchaShop.app */ = {isa = PBXFileReference; explicitFileType = wrapper.application; includeInIndex = 0; path = KikosMatchaShop.app; sourceTree = BUILT_PRODUCTS_DIR; };
		8930B9432EB9640D0091E4CD /* KikosMatchaShopTests.xctest */ = {isa = PBXFileReference; explicitFileType = wrapper.cfbundle; includeInIndex = 0; path = KikosMatchaShopTests.xctest; sourceTree = BUILT_PRODUCTS_DIR; };
		8930B94D2EB9640D0091E4CD /* KikosMatchaShopUITests.xctest */ = {isa = PBXFileReference; explicitFileType = wrapper.cfbundle; includeInIndex = 0; path = KikosMatchaShopUITests.xctest; sourceTree = BUILT_PRODUCTS_DIR; };
/* End PBXFileReference section */

/* Begin PBXFileSystemSynchronizedRootGroup section */
		8930B9382EB9640C0091E4CD /* KikosMatchaShop */ = {
			isa = PBXFileSystemSynchronizedRootGroup;
			exceptions = (
			);
			path = KikosMatchaShop;
			sourceTree = "<group>";
		};
		8930B9462EB9640D0091E4CD /* KikosMatchaShopTests */ = {
			isa = PBXFileSystemSynchronizedRootGroup;
			exceptions = (
			);
			path = KikosMatchaShopTests;
			sourceTree = "<group>";
		};
		8930B9502EB9640D0091E4CD /* KikosMatchaShopUITests */ = {
			isa = PBXFileSystemSynchronizedRootGroup;
			exceptions = (
			);
			path = KikosMatchaShopUITests;
			sourceTree = "<group>";
		};
/* End PBXFileSystemSynchronizedRootGroup section */

/* Begin PBXFrameworksBuildPhase section */
		8930B9332EB9640C0091E4CD /* Frameworks */ = {
			isa = PBXFrameworksBuildPhase;
			buildActionMask = 2147483647;
			files = (
				AF00000000000000000000B1 /* AgentforceSDK in Frameworks */,
				AF00000000000000000000B2 /* AgentforceVoice in Frameworks */,
			);
			runOnlyForDeploymentPostprocessing = 0;
		};
		8930B9402EB9640D0091E4CD /* Frameworks */ = {
			isa = PBXFrameworksBuildPhase;
			buildActionMask = 2147483647;
			files = (
			);
			runOnlyForDeploymentPostprocessing = 0;
		};
		8930B94A2EB9640D0091E4CD /* Frameworks */ = {
			isa = PBXFrameworksBuildPhase;
			buildActionMask = 2147483647;
			files = (
			);
			runOnlyForDeploymentPostprocessing = 0;
		};
/* End PBXFrameworksBuildPhase section */

/* Begin PBXGroup section */
		8930B92D2EB9640C0091E4CD = {
			isa = PBXGroup;
			children = (
				8930B9382EB9640C0091E4CD /* KikosMatchaShop */,
				8930B9462EB9640D0091E4CD /* KikosMatchaShopTests */,
				8930B9502EB9640D0091E4CD /* KikosMatchaShopUITests */,
				8930B9372EB9640C0091E4CD /* Products */,
			);
			sourceTree = "<group>";
		};
		8930B9372EB9640C0091E4CD /* Products */ = {
			isa = PBXGroup;
			children = (
				8930B9362EB9640C0091E4CD /* KikosMatchaShop.app */,
				8930B9432EB9640D0091E4CD /* KikosMatchaShopTests.xctest */,
				8930B94D2EB9640D0091E4CD /* KikosMatchaShopUITests.xctest */,
			);
			name = Products;
			sourceTree = "<group>";
		};
/* End PBXGroup section */

/* Begin PBXNativeTarget section */
		8930B9352EB9640C0091E4CD /* KikosMatchaShop */ = {
			isa = PBXNativeTarget;
			buildConfigurationList = 8930B9572EB9640D0091E4CD /* Build configuration list for PBXNativeTarget "KikosMatchaShop" */;
			buildPhases = (
				8930B9322EB9640C0091E4CD /* Sources */,
				8930B9332EB9640C0091E4CD /* Frameworks */,
				8930B9342EB9640C0091E4CD /* Resources */,
			);
			buildRules = (
			);
			dependencies = (
			);
			fileSystemSynchronizedGroups = (
				8930B9382EB9640C0091E4CD /* KikosMatchaShop */,
			);
			name = KikosMatchaShop;
			packageProductDependencies = (
				AF00000000000000000000A1 /* AgentforceSDK */,
				AF00000000000000000000A2 /* AgentforceVoice */,
			);
			productName = KikosMatchaShop;
			productReference = 8930B9362EB9640C0091E4CD /* KikosMatchaShop.app */;
			productType = "com.apple.product-type.application";
		};
		8930B9422EB9640D0091E4CD /* KikosMatchaShopTests */ = {
			isa = PBXNativeTarget;
			buildConfigurationList = 8930B95A2EB9640D0091E4CD /* Build configuration list for PBXNativeTarget "KikosMatchaShopTests" */;
			buildPhases = (
				8930B93F2EB9640D0091E4CD /* Sources */,
				8930B9402EB9640D0091E4CD /* Frameworks */,
				8930B9412EB9640D0091E4CD /* Resources */,
			);
			buildRules = (
			);
			dependencies = (
				8930B9452EB9640D0091E4CD /* PBXTargetDependency */,
			);
			fileSystemSynchronizedGroups = (
				8930B9462EB9640D0091E4CD /* KikosMatchaShopTests */,
			);
			name = KikosMatchaShopTests;
			productName = KikosMatchaShopTests;
			productReference = 8930B9432EB9640D0091E4CD /* KikosMatchaShopTests.xctest */;
			productType = "com.apple.product-type.bundle.unit-test";
		};
		8930B94C2EB9640D0091E4CD /* KikosMatchaShopUITests */ = {
			isa = PBXNativeTarget;
			buildConfigurationList = 8930B95D2EB9640D0091E4CD /* Build configuration list for PBXNativeTarget "KikosMatchaShopUITests" */;
			buildPhases = (
				8930B9492EB9640D0091E4CD /* Sources */,
				8930B94A2EB9640D0091E4CD /* Frameworks */,
				8930B94B2EB9640D0091E4CD /* Resources */,
			);
			buildRules = (
			);
			dependencies = (
				8930B94F2EB9640D0091E4CD /* PBXTargetDependency */,
			);
			fileSystemSynchronizedGroups = (
				8930B9502EB9640D0091E4CD /* KikosMatchaShopUITests */,
			);
			name = KikosMatchaShopUITests;
			productName = KikosMatchaShopUITests;
			productReference = 8930B94D2EB9640D0091E4CD /* KikosMatchaShopUITests.xctest */;
			productType = "com.apple.product-type.bundle.ui-testing";
		};
/* End PBXNativeTarget section */

/* Begin PBXProject section */
		8930B92E2EB9640C0091E4CD /* Project object */ = {
			isa = PBXProject;
			attributes = {
				BuildIndependentTargetsInParallel = 1;
				LastSwiftUpdateCheck = 2600;
				LastUpgradeCheck = 2600;
				TargetAttributes = {
					8930B9352EB9640C0091E4CD = {
						CreatedOnToolsVersion = 26.0.1;
					};
					8930B9422EB9640D0091E4CD = {
						CreatedOnToolsVersion = 26.0.1;
						TestTargetID = 8930B9352EB9640C0091E4CD;
					};
					8930B94C2EB9640D0091E4CD = {
						CreatedOnToolsVersion = 26.0.1;
						TestTargetID = 8930B9352EB9640C0091E4CD;
					};
				};
			};
			buildConfigurationList = 8930B9312EB9640C0091E4CD /* Build configuration list for PBXProject "KikosMatchaShop" */;
			developmentRegion = en;
			hasScannedForEncodings = 0;
			knownRegions = (
				en,
				Base,
			);
			mainGroup = 8930B92D2EB9640C0091E4CD;
			minimizedProjectReferenceProxies = 1;
			packageReferences = (
				AF00000000000000000000A0 /* XCRemoteSwiftPackageReference "AgentforceMobileSDK-iOS" */,
			);
			preferredProjectObjectVersion = 77;
			productRefGroup = 8930B9372EB9640C0091E4CD /* Products */;
			projectDirPath = "";
			projectRoot = "";
			targets = (
				8930B9352EB9640C0091E4CD /* KikosMatchaShop */,
				8930B9422EB9640D0091E4CD /* KikosMatchaShopTests */,
				8930B94C2EB9640D0091E4CD /* KikosMatchaShopUITests */,
			);
		};
/* End PBXProject section */

/* Begin PBXResourcesBuildPhase section */
		8930B9342EB9640C0091E4CD /* Resources */ = {
			isa = PBXResourcesBuildPhase;
			buildActionMask = 2147483647;
			files = (
			);
			runOnlyForDeploymentPostprocessing = 0;
		};
		8930B9412EB9640D0091E4CD /* Resources */ = {
			isa = PBXResourcesBuildPhase;
			buildActionMask = 2147483647;
			files = (
			);
			runOnlyForDeploymentPostprocessing = 0;
		};
		8930B94B2EB9640D0091E4CD /* Resources */ = {
			isa = PBXResourcesBuildPhase;
			buildActionMask = 2147483647;
			files = (
			);
			runOnlyForDeploymentPostprocessing = 0;
		};
/* End PBXResourcesBuildPhase section */

/* Begin PBXSourcesBuildPhase section */
		8930B9322EB9640C0091E4CD /* Sources */ = {
			isa = PBXSourcesBuildPhase;
			buildActionMask = 2147483647;
			files = (
			);
			runOnlyForDeploymentPostprocessing = 0;
		};
		8930B93F2EB9640D0091E4CD /* Sources */ = {
			isa = PBXSourcesBuildPhase;
			buildActionMask = 2147483647;
			files = (
			);
			runOnlyForDeploymentPostprocessing = 0;
		};
		8930B9492EB9640D0091E4CD /* Sources */ = {
			isa = PBXSourcesBuildPhase;
			buildActionMask = 2147483647;
			files = (
			);
			runOnlyForDeploymentPostprocessing = 0;
		};
/* End PBXSourcesBuildPhase section */

/* Begin PBXTargetDependency section */
		8930B9452EB9640D0091E4CD /* PBXTargetDependency */ = {
			isa = PBXTargetDependency;
			target = 8930B9352EB9640C0091E4CD /* KikosMatchaShop */;
			targetProxy = 8930B9442EB9640D0091E4CD /* PBXContainerItemProxy */;
		};
		8930B94F2EB9640D0091E4CD /* PBXTargetDependency */ = {
			isa = PBXTargetDependency;
			target = 8930B9352EB9640C0091E4CD /* KikosMatchaShop */;
			targetProxy = 8930B94E2EB9640D0091E4CD /* PBXContainerItemProxy */;
		};
/* End PBXTargetDependency section */

/* Begin XCBuildConfiguration section */
		8930B9552EB9640D0091E4CD /* Debug */ = {
			isa = XCBuildConfiguration;
			buildSettings = {
				ALWAYS_SEARCH_USER_PATHS = NO;
				ASSETCATALOG_COMPILER_GENERATE_SWIFT_ASSET_SYMBOL_EXTENSIONS = YES;
				CLANG_ANALYZER_NONNULL = YES;
				CLANG_ANALYZER_NUMBER_OBJECT_CONVERSION = YES_AGGRESSIVE;
				CLANG_CXX_LANGUAGE_STANDARD = "gnu++20";
				CLANG_ENABLE_MODULES = YES;
				CLANG_ENABLE_OBJC_ARC = YES;
				CLANG_ENABLE_OBJC_WEAK = YES;
				CLANG_WARN_BLOCK_CAPTURE_AUTORELEASING = YES;
				CLANG_WARN_BOOL_CONVERSION = YES;
				CLANG_WARN_COMMA = YES;
				CLANG_WARN_CONSTANT_CONVERSION = YES;
				CLANG_WARN_DEPRECATED_OBJC_IMPLEMENTATIONS = YES;
				CLANG_WARN_DIRECT_OBJC_ISA_USAGE = YES_ERROR;
				CLANG_WARN_DOCUMENTATION_COMMENTS = YES;
				CLANG_WARN_EMPTY_BODY = YES;
				CLANG_WARN_ENUM_CONVERSION = YES;
				CLANG_WARN_INFINITE_RECURSION = YES;
				CLANG_WARN_INT_CONVERSION = YES;
				CLANG_WARN_NON_LITERAL_NULL_CONVERSION = YES;
				CLANG_WARN_OBJC_IMPLICIT_RETAIN_SELF = YES;
				CLANG_WARN_OBJC_LITERAL_CONVERSION = YES;
				CLANG_WARN_OBJC_ROOT_CLASS = YES_ERROR;
				CLANG_WARN_QUOTED_INCLUDE_IN_FRAMEWORK_HEADER = YES;
				CLANG_WARN_RANGE_LOOP_ANALYSIS = YES;
				CLANG_WARN_STRICT_PROTOTYPES = YES;
				CLANG_WARN_SUSPICIOUS_MOVE = YES;
				CLANG_WARN_UNGUARDED_AVAILABILITY = YES_AGGRESSIVE;
				CLANG_WARN_UNREACHABLE_CODE = YES;
				CLANG_WARN__DUPLICATE_METHOD_MATCH = YES;
				COPY_PHASE_STRIP = NO;
				DEBUG_INFORMATION_FORMAT = dwarf;
				ENABLE_STRICT_OBJC_MSGSEND = YES;
				ENABLE_TESTABILITY = YES;
				ENABLE_USER_SCRIPT_SANDBOXING = NO;
				GCC_C_LANGUAGE_STANDARD = gnu17;
				GCC_DYNAMIC_NO_PIC = NO;
				GCC_NO_COMMON_BLOCKS = YES;
				GCC_OPTIMIZATION_LEVEL = 0;
				GCC_PREPROCESSOR_DEFINITIONS = (
					"DEBUG=1",
					"$(inherited)",
				);
				GCC_WARN_64_TO_32_BIT_CONVERSION = YES;
				GCC_WARN_ABOUT_RETURN_TYPE = YES_ERROR;
				GCC_WARN_UNDECLARED_SELECTOR = YES;
				GCC_WARN_UNINITIALIZED_AUTOS = YES_AGGRESSIVE;
				GCC_WARN_UNUSED_FUNCTION = YES;
				GCC_WARN_UNUSED_VARIABLE = YES;
				IPHONEOS_DEPLOYMENT_TARGET = 18.6;
				LOCALIZATION_PREFERS_STRING_CATALOGS = YES;
				MTL_ENABLE_DEBUG_INFO = INCLUDE_SOURCE;
				MTL_FAST_MATH = YES;
				ONLY_ACTIVE_ARCH = YES;
				SDKROOT = iphoneos;
				SWIFT_ACTIVE_COMPILATION_CONDITIONS = "DEBUG $(inherited)";
				SWIFT_OPTIMIZATION_LEVEL = "-Onone";
			};
			name = Debug;
		};
		8930B9562EB9640D0091E4CD /* Release */ = {
			isa = XCBuildConfiguration;
			buildSettings = {
				ALWAYS_SEARCH_USER_PATHS = NO;
				ASSETCATALOG_COMPILER_GENERATE_SWIFT_ASSET_SYMBOL_EXTENSIONS = YES;
				CLANG_ANALYZER_NONNULL = YES;
				CLANG_ANALYZER_NUMBER_OBJECT_CONVERSION = YES_AGGRESSIVE;
				CLANG_CXX_LANGUAGE_STANDARD = "gnu++20";
				CLANG_ENABLE_MODULES = YES;
				CLANG_ENABLE_OBJC_ARC = YES;
				CLANG_ENABLE_OBJC_WEAK = YES;
				CLANG_WARN_BLOCK_CAPTURE_AUTORELEASING = YES;
				CLANG_WARN_BOOL_CONVERSION = YES;
				CLANG_WARN_COMMA = YES;
				CLANG_WARN_CONSTANT_CONVERSION = YES;
				CLANG_WARN_DEPRECATED_OBJC_IMPLEMENTATIONS = YES;
				CLANG_WARN_DIRECT_OBJC_ISA_USAGE = YES_ERROR;
				CLANG_WARN_DOCUMENTATION_COMMENTS = YES;
				CLANG_WARN_EMPTY_BODY = YES;
				CLANG_WARN_ENUM_CONVERSION = YES;
				CLANG_WARN_INFINITE_RECURSION = YES;
				CLANG_WARN_INT_CONVERSION = YES;
				CLANG_WARN_NON_LITERAL_NULL_CONVERSION = YES;
				CLANG_WARN_OBJC_IMPLICIT_RETAIN_SELF = YES;
				CLANG_WARN_OBJC_LITERAL_CONVERSION = YES;
				CLANG_WARN_OBJC_ROOT_CLASS = YES_ERROR;
				CLANG_WARN_QUOTED_INCLUDE_IN_FRAMEWORK_HEADER = YES;
				CLANG_WARN_RANGE_LOOP_ANALYSIS = YES;
				CLANG_WARN_STRICT_PROTOTYPES = YES;
				CLANG_WARN_SUSPICIOUS_MOVE = YES;
				CLANG_WARN_UNGUARDED_AVAILABILITY = YES_AGGRESSIVE;
				CLANG_WARN_UNREACHABLE_CODE = YES;
				CLANG_WARN__DUPLICATE_METHOD_MATCH = YES;
				COPY_PHASE_STRIP = NO;
				DEBUG_INFORMATION_FORMAT = "dwarf-with-dsym";
				ENABLE_NS_ASSERTIONS = NO;
				ENABLE_STRICT_OBJC_MSGSEND = YES;
				ENABLE_USER_SCRIPT_SANDBOXING = NO;
				GCC_C_LANGUAGE_STANDARD = gnu17;
				GCC_NO_COMMON_BLOCKS = YES;
				GCC_WARN_64_TO_32_BIT_CONVERSION = YES;
				GCC_WARN_ABOUT_RETURN_TYPE = YES_ERROR;
				GCC_WARN_UNDECLARED_SELECTOR = YES;
				GCC_WARN_UNINITIALIZED_AUTOS = YES_AGGRESSIVE;
				GCC_WARN_UNUSED_FUNCTION = YES;
				GCC_WARN_UNUSED_VARIABLE = YES;
				IPHONEOS_DEPLOYMENT_TARGET = 18.6;
				LOCALIZATION_PREFERS_STRING_CATALOGS = YES;
				MTL_ENABLE_DEBUG_INFO = NO;
				MTL_FAST_MATH = YES;
				SDKROOT = iphoneos;
				SWIFT_COMPILATION_MODE = wholemodule;
				VALIDATE_PRODUCT = YES;
			};
			name = Release;
		};
		8930B9582EB9640D0091E4CD /* Debug */ = {
			isa = XCBuildConfiguration;
			buildSettings = {
				ASSETCATALOG_COMPILER_APPICON_NAME = AppIcon;
				INFOPLIST_KEY_CFBundleDisplayName = "Kiko's Matcha Shop";
				ASSETCATALOG_COMPILER_GLOBAL_ACCENT_COLOR_NAME = AccentColor;
				CODE_SIGN_STYLE = Automatic;
				CURRENT_PROJECT_VERSION = 1;
				ENABLE_PREVIEWS = YES;
				GENERATE_INFOPLIST_FILE = YES;
				INFOPLIST_FILE = Info.plist;
				INFOPLIST_KEY_NSMicrophoneUsageDescription = "Kiko's Matcha Shop uses the microphone so you can talk to Kiko with your voice.";
				INFOPLIST_KEY_UIApplicationSceneManifest_Generation = YES;
				INFOPLIST_KEY_UIApplicationSupportsIndirectInputEvents = YES;
				INFOPLIST_KEY_UILaunchScreen_Generation = YES;
				INFOPLIST_KEY_UISupportedInterfaceOrientations_iPad = "UIInterfaceOrientationPortrait UIInterfaceOrientationPortraitUpsideDown UIInterfaceOrientationLandscapeLeft UIInterfaceOrientationLandscapeRight";
				INFOPLIST_KEY_UISupportedInterfaceOrientations_iPhone = "UIInterfaceOrientationPortrait UIInterfaceOrientationLandscapeLeft UIInterfaceOrientationLandscapeRight";
				LD_RUNPATH_SEARCH_PATHS = (
					"$(inherited)",
					"@executable_path/Frameworks",
				);
				MARKETING_VERSION = 1.0;
				PRODUCT_BUNDLE_IDENTIFIER = com.salesforce.KikosMatchaShop;
				PRODUCT_NAME = "$(TARGET_NAME)";
				STRING_CATALOG_GENERATE_SYMBOLS = YES;
				SWIFT_APPROACHABLE_CONCURRENCY = YES;
				SWIFT_DEFAULT_ACTOR_ISOLATION = MainActor;
				SWIFT_EMIT_LOC_STRINGS = YES;
				SWIFT_UPCOMING_FEATURE_MEMBER_IMPORT_VISIBILITY = YES;
				SWIFT_VERSION = 5.0;
				TARGETED_DEVICE_FAMILY = "1,2";
			};
			name = Debug;
		};
		8930B9592EB9640D0091E4CD /* Release */ = {
			isa = XCBuildConfiguration;
			buildSettings = {
				ASSETCATALOG_COMPILER_APPICON_NAME = AppIcon;
				INFOPLIST_KEY_CFBundleDisplayName = "Kiko's Matcha Shop";
				ASSETCATALOG_COMPILER_GLOBAL_ACCENT_COLOR_NAME = AccentColor;
				CODE_SIGN_STYLE = Automatic;
				CURRENT_PROJECT_VERSION = 1;
				ENABLE_PREVIEWS = YES;
				GENERATE_INFOPLIST_FILE = YES;
				INFOPLIST_FILE = Info.plist;
				INFOPLIST_KEY_NSMicrophoneUsageDescription = "Kiko's Matcha Shop uses the microphone so you can talk to Kiko with your voice.";
				INFOPLIST_KEY_UIApplicationSceneManifest_Generation = YES;
				INFOPLIST_KEY_UIApplicationSupportsIndirectInputEvents = YES;
				INFOPLIST_KEY_UILaunchScreen_Generation = YES;
				INFOPLIST_KEY_UISupportedInterfaceOrientations_iPad = "UIInterfaceOrientationPortrait UIInterfaceOrientationPortraitUpsideDown UIInterfaceOrientationLandscapeLeft UIInterfaceOrientationLandscapeRight";
				INFOPLIST_KEY_UISupportedInterfaceOrientations_iPhone = "UIInterfaceOrientationPortrait UIInterfaceOrientationLandscapeLeft UIInterfaceOrientationLandscapeRight";
				LD_RUNPATH_SEARCH_PATHS = (
					"$(inherited)",
					"@executable_path/Frameworks",
				);
				MARKETING_VERSION = 1.0;
				PRODUCT_BUNDLE_IDENTIFIER = com.salesforce.KikosMatchaShop;
				PRODUCT_NAME = "$(TARGET_NAME)";
				STRING_CATALOG_GENERATE_SYMBOLS = YES;
				SWIFT_APPROACHABLE_CONCURRENCY = YES;
				SWIFT_DEFAULT_ACTOR_ISOLATION = MainActor;
				SWIFT_EMIT_LOC_STRINGS = YES;
				SWIFT_UPCOMING_FEATURE_MEMBER_IMPORT_VISIBILITY = YES;
				SWIFT_VERSION = 5.0;
				TARGETED_DEVICE_FAMILY = "1,2";
			};
			name = Release;
		};
		8930B95B2EB9640D0091E4CD /* Debug */ = {
			isa = XCBuildConfiguration;
			buildSettings = {
				BUNDLE_LOADER = "$(TEST_HOST)";
				CODE_SIGN_STYLE = Automatic;
				CURRENT_PROJECT_VERSION = 1;
				GENERATE_INFOPLIST_FILE = YES;
				IPHONEOS_DEPLOYMENT_TARGET = 18.6;
				MARKETING_VERSION = 1.0;
				PRODUCT_BUNDLE_IDENTIFIER = com.salesforce.KikosMatchaShopTests;
				PRODUCT_NAME = "$(TARGET_NAME)";
				STRING_CATALOG_GENERATE_SYMBOLS = NO;
				SWIFT_APPROACHABLE_CONCURRENCY = YES;
				SWIFT_EMIT_LOC_STRINGS = NO;
				SWIFT_UPCOMING_FEATURE_MEMBER_IMPORT_VISIBILITY = YES;
				SWIFT_VERSION = 5.0;
				TARGETED_DEVICE_FAMILY = "1,2";
				TEST_HOST = "$(BUILT_PRODUCTS_DIR)/KikosMatchaShop.app/$(BUNDLE_EXECUTABLE_FOLDER_PATH)/KikosMatchaShop";
			};
			name = Debug;
		};
		8930B95C2EB9640D0091E4CD /* Release */ = {
			isa = XCBuildConfiguration;
			buildSettings = {
				BUNDLE_LOADER = "$(TEST_HOST)";
				CODE_SIGN_STYLE = Automatic;
				CURRENT_PROJECT_VERSION = 1;
				GENERATE_INFOPLIST_FILE = YES;
				IPHONEOS_DEPLOYMENT_TARGET = 18.6;
				MARKETING_VERSION = 1.0;
				PRODUCT_BUNDLE_IDENTIFIER = com.salesforce.KikosMatchaShopTests;
				PRODUCT_NAME = "$(TARGET_NAME)";
				STRING_CATALOG_GENERATE_SYMBOLS = NO;
				SWIFT_APPROACHABLE_CONCURRENCY = YES;
				SWIFT_EMIT_LOC_STRINGS = NO;
				SWIFT_UPCOMING_FEATURE_MEMBER_IMPORT_VISIBILITY = YES;
				SWIFT_VERSION = 5.0;
				TARGETED_DEVICE_FAMILY = "1,2";
				TEST_HOST = "$(BUILT_PRODUCTS_DIR)/KikosMatchaShop.app/$(BUNDLE_EXECUTABLE_FOLDER_PATH)/KikosMatchaShop";
			};
			name = Release;
		};
		8930B95E2EB9640D0091E4CD /* Debug */ = {
			isa = XCBuildConfiguration;
			buildSettings = {
				CODE_SIGN_STYLE = Automatic;
				CURRENT_PROJECT_VERSION = 1;
				GENERATE_INFOPLIST_FILE = YES;
				MARKETING_VERSION = 1.0;
				PRODUCT_BUNDLE_IDENTIFIER = com.salesforce.KikosMatchaShopUITests;
				PRODUCT_NAME = "$(TARGET_NAME)";
				STRING_CATALOG_GENERATE_SYMBOLS = NO;
				SWIFT_APPROACHABLE_CONCURRENCY = YES;
				SWIFT_EMIT_LOC_STRINGS = NO;
				SWIFT_UPCOMING_FEATURE_MEMBER_IMPORT_VISIBILITY = YES;
				SWIFT_VERSION = 5.0;
				TARGETED_DEVICE_FAMILY = "1,2";
				TEST_TARGET_NAME = KikosMatchaShop;
			};
			name = Debug;
		};
		8930B95F2EB9640D0091E4CD /* Release */ = {
			isa = XCBuildConfiguration;
			buildSettings = {
				CODE_SIGN_STYLE = Automatic;
				CURRENT_PROJECT_VERSION = 1;
				GENERATE_INFOPLIST_FILE = YES;
				MARKETING_VERSION = 1.0;
				PRODUCT_BUNDLE_IDENTIFIER = com.salesforce.KikosMatchaShopUITests;
				PRODUCT_NAME = "$(TARGET_NAME)";
				STRING_CATALOG_GENERATE_SYMBOLS = NO;
				SWIFT_APPROACHABLE_CONCURRENCY = YES;
				SWIFT_EMIT_LOC_STRINGS = NO;
				SWIFT_UPCOMING_FEATURE_MEMBER_IMPORT_VISIBILITY = YES;
				SWIFT_VERSION = 5.0;
				TARGETED_DEVICE_FAMILY = "1,2";
				TEST_TARGET_NAME = KikosMatchaShop;
			};
			name = Release;
		};
/* End XCBuildConfiguration section */

/* Begin XCConfigurationList section */
		8930B9312EB9640C0091E4CD /* Build configuration list for PBXProject "KikosMatchaShop" */ = {
			isa = XCConfigurationList;
			buildConfigurations = (
				8930B9552EB9640D0091E4CD /* Debug */,
				8930B9562EB9640D0091E4CD /* Release */,
			);
			defaultConfigurationIsVisible = 0;
			defaultConfigurationName = Release;
		};
		8930B9572EB9640D0091E4CD /* Build configuration list for PBXNativeTarget "KikosMatchaShop" */ = {
			isa = XCConfigurationList;
			buildConfigurations = (
				8930B9582EB9640D0091E4CD /* Debug */,
				8930B9592EB9640D0091E4CD /* Release */,
			);
			defaultConfigurationIsVisible = 0;
			defaultConfigurationName = Release;
		};
		8930B95A2EB9640D0091E4CD /* Build configuration list for PBXNativeTarget "KikosMatchaShopTests" */ = {
			isa = XCConfigurationList;
			buildConfigurations = (
				8930B95B2EB9640D0091E4CD /* Debug */,
				8930B95C2EB9640D0091E4CD /* Release */,
			);
			defaultConfigurationIsVisible = 0;
			defaultConfigurationName = Release;
		};
		8930B95D2EB9640D0091E4CD /* Build configuration list for PBXNativeTarget "KikosMatchaShopUITests" */ = {
			isa = XCConfigurationList;
			buildConfigurations = (
				8930B95E2EB9640D0091E4CD /* Debug */,
				8930B95F2EB9640D0091E4CD /* Release */,
			);
			defaultConfigurationIsVisible = 0;
			defaultConfigurationName = Release;
		};
/* End XCConfigurationList section */

/* Begin XCRemoteSwiftPackageReference section */
		AF00000000000000000000A0 /* XCRemoteSwiftPackageReference "AgentforceMobileSDK-iOS" */ = {
			isa = XCRemoteSwiftPackageReference;
			repositoryURL = "https://github.com/salesforce/AgentforceMobileSDK-iOS.git";
			requirement = {
				kind = exactVersion;
				version = 18.33.14;
			};
		};
/* End XCRemoteSwiftPackageReference section */

/* Begin XCSwiftPackageProductDependency section */
		AF00000000000000000000A1 /* AgentforceSDK */ = {
			isa = XCSwiftPackageProductDependency;
			package = AF00000000000000000000A0 /* XCRemoteSwiftPackageReference "AgentforceMobileSDK-iOS" */;
			productName = AgentforceSDK;
		};
		AF00000000000000000000A2 /* AgentforceVoice */ = {
			isa = XCSwiftPackageProductDependency;
			package = AF00000000000000000000A0 /* XCRemoteSwiftPackageReference "AgentforceMobileSDK-iOS" */;
			productName = AgentforceVoice;
		};
/* End XCSwiftPackageProductDependency section */
	};
	rootObject = 8930B92E2EB9640C0091E4CD /* Project object */;
}
